// !$*UTF8*$!
{
	archiveVersion = 1;
	classes = {
	};
	objectVersion = 50;
	objects = {

/* Begin PBXBuildFile section */
		843B941721019FAA00A49DF8 /* TimerPresenter.swift in Sources */ = {isa = PBXBuildFile; fileRef = 843B941621019FAA00A49DF8 /* TimerPresenter.swift */; };
		843B941921019FB900A49DF8 /* TimerInteractor.swift in Sources */ = {isa = PBXBuildFile; fileRef = 843B941821019FB900A49DF8 /* TimerInteractor.swift */; };
		843B941B21019FC500A49DF8 /* TimerConfigurator.swift in Sources */ = {isa = PBXBuildFile; fileRef = 843B941A21019FC500A49DF8 /* TimerConfigurator.swift */; };
		843B941D21019FD300A49DF8 /* TimerRouter.swift in Sources */ = {isa = PBXBuildFile; fileRef = 843B941C21019FD300A49DF8 /* TimerRouter.swift */; };
		843B941F21019FEB00A49DF8 /* TimerProtocol.swift in Sources */ = {isa = PBXBuildFile; fileRef = 843B941E21019FEB00A49DF8 /* TimerProtocol.swift */; };
		843B94212101DFAE00A49DF8 /* IcoViewController.swift in Sources */ = {isa = PBXBuildFile; fileRef = 843B94202101DFAE00A49DF8 /* IcoViewController.swift */; };
		8444B80020FF05BA008BEE00 /* PreparingPresenter.swift in Sources */ = {isa = PBXBuildFile; fileRef = 8444B7FF20FF05BA008BEE00 /* PreparingPresenter.swift */; };
		8444B80220FF05C7008BEE00 /* PreparingInteractor.swift in Sources */ = {isa = PBXBuildFile; fileRef = 8444B80120FF05C7008BEE00 /* PreparingInteractor.swift */; };
		8444B80420FF05D6008BEE00 /* PreparingConfigurator.swift in Sources */ = {isa = PBXBuildFile; fileRef = 8444B80320FF05D6008BEE00 /* PreparingConfigurator.swift */; };
		8444B80620FF05E3008BEE00 /* PreparingRouter.swift in Sources */ = {isa = PBXBuildFile; fileRef = 8444B80520FF05E3008BEE00 /* PreparingRouter.swift */; };
		8444B80820FF05F0008BEE00 /* PreparingProtocol.swift in Sources */ = {isa = PBXBuildFile; fileRef = 8444B80720FF05F0008BEE00 /* PreparingProtocol.swift */; };
		8444B80B20FF31FE008BEE00 /* StorageService.swift in Sources */ = {isa = PBXBuildFile; fileRef = 8444B80A20FF31FE008BEE00 /* StorageService.swift */; };
		AA255DC520F9C9F1000F8D5D /* gong_end.mp3 in Resources */ = {isa = PBXBuildFile; fileRef = AA255DC420F9C9F1000F8D5D /* gong_end.mp3 */; };
		AA255DC720F9CAC3000F8D5D /* gong.wav in Resources */ = {isa = PBXBuildFile; fileRef = AA255DC620F9CAC3000F8D5D /* gong.wav */; };
		AA255DCD20F9CF48000F8D5D /* Extension.swift in Sources */ = {isa = PBXBuildFile; fileRef = AA255DCC20F9CF48000F8D5D /* Extension.swift */; };
		AADD96DC20C594A500D818AA /* AppDelegate.swift in Sources */ = {isa = PBXBuildFile; fileRef = AADD96DB20C594A500D818AA /* AppDelegate.swift */; };
		AADD96E120C594A500D818AA /* Main.storyboard in Resources */ = {isa = PBXBuildFile; fileRef = AADD96DF20C594A500D818AA /* Main.storyboard */; };
		AADD96E420C594A500D818AA /* Boxer_Timer.xcdatamodeld in Sources */ = {isa = PBXBuildFile; fileRef = AADD96E220C594A500D818AA /* Boxer_Timer.xcdatamodeld */; };
		AADD96E620C594A700D818AA /* Assets.xcassets in Resources */ = {isa = PBXBuildFile; fileRef = AADD96E520C594A700D818AA /* Assets.xcassets */; };
		AADD96E920C594A700D818AA /* LaunchScreen.storyboard in Resources */ = {isa = PBXBuildFile; fileRef = AADD96E720C594A700D818AA /* LaunchScreen.storyboard */; };
		AADD96F120C59CB300D818AA /* PreparingViewController.swift in Sources */ = {isa = PBXBuildFile; fileRef = AADD96F020C59CB300D818AA /* PreparingViewController.swift */; };
		AADD96F420C5AE8900D818AA /* TimerViewController.swift in Sources */ = {isa = PBXBuildFile; fileRef = AADD96F320C5AE8900D818AA /* TimerViewController.swift */; };
		AAF28CDA210624A800ED55B0 /* alert.mp3 in Resources */ = {isa = PBXBuildFile; fileRef = AAF28CD9210624A700ED55B0 /* alert.mp3 */; };
/* End PBXBuildFile section */

/* Begin PBXFileReference section */
		843B941621019FAA00A49DF8 /* TimerPresenter.swift */ = {isa = PBXFileReference; lastKnownFileType = sourcecode.swift; path = TimerPresenter.swift; sourceTree = "<group>"; };
		843B941821019FB900A49DF8 /* TimerInteractor.swift */ = {isa = PBXFileReference; lastKnownFileType = sourcecode.swift; path = TimerInteractor.swift; sourceTree = "<group>"; };
		843B941A21019FC500A49DF8 /* TimerConfigurator.swift */ = {isa = PBXFileReference; lastKnownFileType = sourcecode.swift; path = TimerConfigurator.swift; sourceTree = "<group>"; };
		843B941C21019FD300A49DF8 /* TimerRouter.swift */ = {isa = PBXFileReference; lastKnownFileType = sourcecode.swift; path = TimerRouter.swift; sourceTree = "<group>"; };
		843B941E21019FEB00A49DF8 /* TimerProtocol.swift */ = {isa = PBXFileReference; lastKnownFileType = sourcecode.swift; path = TimerProtocol.swift; sourceTree = "<group>"; };
		843B94202101DFAE00A49DF8 /* IcoViewController.swift */ = {isa = PBXFileReference; lastKnownFileType = sourcecode.swift; path = IcoViewController.swift; sourceTree = "<group>"; };
		8444B7FF20FF05BA008BEE00 /* PreparingPresenter.swift */ = {isa = PBXFileReference; lastKnownFileType = sourcecode.swift; path = PreparingPresenter.swift; sourceTree = "<group>"; };
		8444B80120FF05C7008BEE00 /* PreparingInteractor.swift */ = {isa = PBXFileReference; lastKnownFileType = sourcecode.swift; path = PreparingInteractor.swift; sourceTree = "<group>"; };
		8444B80320FF05D6008BEE00 /* PreparingConfigurator.swift */ = {isa = PBXFileReference; lastKnownFileType = sourcecode.swift; path = PreparingConfigurator.swift; sourceTree = "<group>"; };
		8444B80520FF05E3008BEE00 /* PreparingRouter.swift */ = {isa = PBXFileReference; lastKnownFileType = sourcecode.swift; path = PreparingRouter.swift; sourceTree = "<group>"; };
		8444B80720FF05F0008BEE00 /* PreparingProtocol.swift */ = {isa = PBXFileReference; lastKnownFileType = sourcecode.swift; path = PreparingProtocol.swift; sourceTree = "<group>"; };
		8444B80A20FF31FE008BEE00 /* StorageService.swift */ = {isa = PBXFileReference; lastKnownFileType = sourcecode.swift; path = StorageService.swift; sourceTree = "<group>"; };
		AA255DC420F9C9F1000F8D5D /* gong_end.mp3 */ = {isa = PBXFileReference; lastKnownFileType = audio.mp3; path = gong_end.mp3; sourceTree = "<group>"; };
		AA255DC620F9CAC3000F8D5D /* gong.wav */ = {isa = PBXFileReference; lastKnownFileType = audio.wav; path = gong.wav; sourceTree = "<group>"; };
		AA255DCC20F9CF48000F8D5D /* Extension.swift */ = {isa = PBXFileReference; lastKnownFileType = sourcecode.swift; path = Extension.swift; sourceTree = "<group>"; };
		AADD96D820C594A500D818AA /* Boxer Timer.app */ = {isa = PBXFileReference; explicitFileType = wrapper.application; includeInIndex = 0; path = "Boxer Timer.app"; sourceTree = BUILT_PRODUCTS_DIR; };
		AADD96DB20C594A500D818AA /* AppDelegate.swift */ = {isa = PBXFileReference; lastKnownFileType = sourcecode.swift; path = AppDelegate.swift; sourceTree = "<group>"; };
		AADD96E020C594A500D818AA /* Base */ = {isa = PBXFileReference; lastKnownFileType = file.storyboard; name = Base; path = Base.lproj/Main.storyboard; sourceTree = "<group>"; };
		AADD96E320C594A500D818AA /* Boxer_Timer.xcdatamodel */ = {isa = PBXFileReference; lastKnownFileType = wrapper.xcdatamodel; path = Boxer_Timer.xcdatamodel; sourceTree = "<group>"; };
		AADD96E520C594A700D818AA /* Assets.xcassets */ = {isa = PBXFileReference; lastKnownFileType = folder.assetcatalog; path = Assets.xcassets; sourceTree = "<group>"; };
		AADD96E820C594A700D818AA /* Base */ = {isa = PBXFileReference; lastKnownFileType = file.storyboard; name = Base; path = Base.lproj/LaunchScreen.storyboard; sourceTree = "<group>"; };
		AADD96EA20C594A700D818AA /* Info.plist */ = {isa = PBXFileReference; lastKnownFileType = text.plist.xml; path = Info.plist; sourceTree = "<group>"; };
		AADD96F020C59CB300D818AA /* PreparingViewController.swift */ = {isa = PBXFileReference; lastKnownFileType = sourcecode.swift; path = PreparingViewController.swift; sourceTree = "<group>"; };
		AADD96F320C5AE8900D818AA /* TimerViewController.swift */ = {isa = PBXFileReference; lastKnownFileType = sourcecode.swift; path = TimerViewController.swift; sourceTree = "<group>"; };
		AAF28CD9210624A700ED55B0 /* alert.mp3 */ = {isa = PBXFileReference; lastKnownFileType = audio.mp3; path = alert.mp3; sourceTree = "<group>"; };
/* End PBXFileReference section */

/* Begin PBXFrameworksBuildPhase section */
		AADD96D520C594A500D818AA /* Frameworks */ = {
			isa = PBXFrameworksBuildPhase;
			buildActionMask = 2147483647;
			files = (
			);
			runOnlyForDeploymentPostprocessing = 0;
		};
/* End PBXFrameworksBuildPhase section */

/* Begin PBXGroup section */
		8444B7FC20FF055A008BEE00 /* Modules */ = {
			isa = PBXGroup;
			children = (
				8444B7FD20FF0578008BEE00 /* Preparing */,
				8444B7FE20FF0586008BEE00 /* Timer */,
				843B94202101DFAE00A49DF8 /* IcoViewController.swift */,
			);
			path = Modules;
			sourceTree = "<group>";
		};
		8444B7FD20FF0578008BEE00 /* Preparing */ = {
			isa = PBXGroup;
			children = (
				AADD96F020C59CB300D818AA /* PreparingViewController.swift */,
				8444B7FF20FF05BA008BEE00 /* PreparingPresenter.swift */,
				8444B80120FF05C7008BEE00 /* PreparingInteractor.swift */,
				8444B80320FF05D6008BEE00 /* PreparingConfigurator.swift */,
				8444B80520FF05E3008BEE00 /* PreparingRouter.swift */,
				8444B80720FF05F0008BEE00 /* PreparingProtocol.swift */,
			);
			path = Preparing;
			sourceTree = "<group>";
		};
		8444B7FE20FF0586008BEE00 /* Timer */ = {
			isa = PBXGroup;
			children = (
				AADD96F320C5AE8900D818AA /* TimerViewController.swift */,
				843B941621019FAA00A49DF8 /* TimerPresenter.swift */,
				843B941821019FB900A49DF8 /* TimerInteractor.swift */,
				843B941A21019FC500A49DF8 /* TimerConfigurator.swift */,
				843B941C21019FD300A49DF8 /* TimerRouter.swift */,
				843B941E21019FEB00A49DF8 /* TimerProtocol.swift */,
			);
			path = Timer;
			sourceTree = "<group>";
		};
		8444B80920FF31BA008BEE00 /* Services */ = {
			isa = PBXGroup;
			children = (
				8444B80A20FF31FE008BEE00 /* StorageService.swift */,
			);
			path = Services;
			sourceTree = "<group>";
		};
		AA255DC820F9CDFF000F8D5D /* Database */ = {
			isa = PBXGroup;
			children = (
				AADD96E220C594A500D818AA /* Boxer_Timer.xcdatamodeld */,
			);
			path = Database;
			sourceTree = "<group>";
		};
		AA255DC920F9CED2000F8D5D /* Storyboard */ = {
			isa = PBXGroup;
			children = (
				AADD96DF20C594A500D818AA /* Main.storyboard */,
			);
			path = Storyboard;
			sourceTree = "<group>";
		};
		AA255DCA20F9CEDE000F8D5D /* Main */ = {
			isa = PBXGroup;
			children = (
				AADD96E520C594A700D818AA /* Assets.xcassets */,
				AADD96DB20C594A500D818AA /* AppDelegate.swift */,
				AA255DCC20F9CF48000F8D5D /* Extension.swift */,
			);
			path = Main;
			sourceTree = "<group>";
		};
		AA255DCB20F9CEF1000F8D5D /* Launchscreen */ = {
			isa = PBXGroup;
			children = (
				AADD96E720C594A700D818AA /* LaunchScreen.storyboard */,
			);
			path = Launchscreen;
			sourceTree = "<group>";
		};
		AADD96CF20C594A500D818AA = {
			isa = PBXGroup;
			children = (
				AADD96DA20C594A500D818AA /* Boxer Timer */,
				AADD96D920C594A500D818AA /* Products */,
			);
			sourceTree = "<group>";
		};
		AADD96D920C594A500D818AA /* Products */ = {
			isa = PBXGroup;
			children = (
				AADD96D820C594A500D818AA /* Boxer Timer.app */,
			);
			name = Products;
			sourceTree = "<group>";
		};
		AADD96DA20C594A500D818AA /* Boxer Timer */ = {
			isa = PBXGroup;
			children = (
				8444B7FC20FF055A008BEE00 /* Modules */,
				8444B80920FF31BA008BEE00 /* Services */,
				AA255DCB20F9CEF1000F8D5D /* Launchscreen */,
				AA255DCA20F9CEDE000F8D5D /* Main */,
				AA255DC920F9CED2000F8D5D /* Storyboard */,
				AA255DC820F9CDFF000F8D5D /* Database */,
				AADD96F520CAF6ED00D818AA /* Sound */,
				AADD96EA20C594A700D818AA /* Info.plist */,
			);
			path = "Boxer Timer";
			sourceTree = "<group>";
		};
		AADD96F520CAF6ED00D818AA /* Sound */ = {
			isa = PBXGroup;
			children = (
				AA255DC620F9CAC3000F8D5D /* gong.wav */,
				AA255DC420F9C9F1000F8D5D /* gong_end.mp3 */,
				AAF28CD9210624A700ED55B0 /* alert.mp3 */,
			);
			path = Sound;
			sourceTree = "<group>";
		};
/* End PBXGroup section */

/* Begin PBXNativeTarget section */
		AADD96D720C594A500D818AA /* Boxer Timer */ = {
			isa = PBXNativeTarget;
			buildConfigurationList = AADD96ED20C594A700D818AA /* Build configuration list for PBXNativeTarget "Boxer Timer" */;
			buildPhases = (
				AADD96D420C594A500D818AA /* Sources */,
				AADD96D520C594A500D818AA /* Frameworks */,
				AADD96D620C594A500D818AA /* Resources */,
			);
			buildRules = (
			);
			dependencies = (
			);
			name = "Boxer Timer";
			productName = "Boxer Timer";
			productReference = AADD96D820C594A500D818AA /* Boxer Timer.app */;
			productType = "com.apple.product-type.application";
		};
/* End PBXNativeTarget section */

/* Begin PBXProject section */
		AADD96D020C594A500D818AA /* Project object */ = {
			isa = PBXProject;
			attributes = {
				LastSwiftUpdateCheck = 0930;
				LastUpgradeCheck = 0930;
				ORGANIZATIONNAME = "Марат Нургалиев";
				TargetAttributes = {
					AADD96D720C594A500D818AA = {
						CreatedOnToolsVersion = 9.3.1;
					};
				};
			};
			buildConfigurationList = AADD96D320C594A500D818AA /* Build configuration list for PBXProject "Boxer Timer" */;
			compatibilityVersion = "Xcode 9.3";
			developmentRegion = en;
			hasScannedForEncodings = 0;
			knownRegions = (
				en,
				Base,
			);
			mainGroup = AADD96CF20C594A500D818AA;
			productRefGroup = AADD96D920C594A500D818AA /* Products */;
			projectDirPath = "";
			projectRoot = "";
			targets = (
				AADD96D720C594A500D818AA /* Boxer Timer */,
			);
		};
/* End PBXProject section */

/* Begin PBXResourcesBuildPhase section */
		AADD96D620C594A500D818AA /* Resources */ = {
			isa = PBXResourcesBuildPhase;
			buildActionMask = 2147483647;
			files = (
				AADD96E920C594A700D818AA /* LaunchScreen.storyboard in Resources */,
				AADD96E620C594A700D818AA /* Assets.xcassets in Resources */,
				AA255DC720F9CAC3000F8D5D /* gong.wav in Resources */,
				AAF28CDA210624A800ED55B0 /* alert.mp3 in Resources */,
				AA255DC520F9C9F1000F8D5D /* gong_end.mp3 in Resources */,
				AADD96E120C594A500D818AA /* Main.storyboard in Resources */,
			);
			runOnlyForDeploymentPostprocessing = 0;
		};
/* End PBXResourcesBuildPhase section */

/* Begin PBXSourcesBuildPhase section */
		AADD96D420C594A500D818AA /* Sources */ = {
			isa = PBXSourcesBuildPhase;
			buildActionMask = 2147483647;
			files = (
				AA255DCD20F9CF48000F8D5D /* Extension.swift in Sources */,
				843B941F21019FEB00A49DF8 /* TimerProtocol.swift in Sources */,
				843B941D21019FD300A49DF8 /* TimerRouter.swift in Sources */,
				8444B80420FF05D6008BEE00 /* PreparingConfigurator.swift in Sources */,
				843B941B21019FC500A49DF8 /* TimerConfigurator.swift in Sources */,
				843B94212101DFAE00A49DF8 /* IcoViewController.swift in Sources */,
				843B941921019FB900A49DF8 /* TimerInteractor.swift in Sources */,
				8444B80220FF05C7008BEE00 /* PreparingInteractor.swift in Sources */,
				8444B80020FF05BA008BEE00 /* PreparingPresenter.swift in Sources */,
				8444B80820FF05F0008BEE00 /* PreparingProtocol.swift in Sources */,
				AADD96F420C5AE8900D818AA /* TimerViewController.swift in Sources */,
				8444B80620FF05E3008BEE00 /* PreparingRouter.swift in Sources */,
				AADD96F120C59CB300D818AA /* PreparingViewController.swift in Sources */,
				843B941721019FAA00A49DF8 /* TimerPresenter.swift in Sources */,
				AADD96E420C594A500D818AA /* Boxer_Timer.xcdatamodeld in Sources */,
				8444B80B20FF31FE008BEE00 /* StorageService.swift in Sources */,
				AADD96DC20C594A500D818AA /* AppDelegate.swift in Sources */,
			);
			runOnlyForDeploymentPostprocessing = 0;
		};
/* End PBXSourcesBuildPhase section */

/* Begin PBXVariantGroup section */
		AADD96DF20C594A500D818AA /* Main.storyboard */ = {
			isa = PBXVariantGroup;
			children = (
				AADD96E020C594A500D818AA /* Base */,
			);
			name = Main.storyboard;
			sourceTree = "<group>";
		};
		AADD96E720C594A700D818AA /* LaunchScreen.storyboard */ = {
			isa = PBXVariantGroup;
			children = (
				AADD96E820C594A700D818AA /* Base */,
			);
			name = LaunchScreen.storyboard;
			sourceTree = "<group>";
		};
/* End PBXVariantGroup section */

/* Begin XCBuildConfiguration section */
		AADD96EB20C594A700D818AA /* Debug */ = {
			isa = XCBuildConfiguration;
			buildSettings = {
				ALWAYS_SEARCH_USER_PATHS = NO;
				CLANG_ANALYZER_NONNULL = YES;
				CLANG_ANALYZER_NUMBER_OBJECT_CONVERSION = YES_AGGRESSIVE;
				CLANG_CXX_LANGUAGE_STANDARD = "gnu++14";
				CLANG_CXX_LIBRARY = "libc++";
				CLANG_ENABLE_MODULES = YES;
				CLANG_ENABLE_OBJC_ARC = YES;
				CLANG_ENABLE_OBJC_WEAK = YES;
				CLANG_WARN_BLOCK_CAPTURE_AUTORELEASING = YES;
				CLANG_WARN_BOOL_CONVERSION = YES;
				CLANG_WARN_COMMA = YES;
				CLANG_WARN_CONSTANT_CONVERSION = YES;
				CLANG_WARN_DEPRECATED_OBJC_IMPLEMENTATIONS = YES;
				CLANG_WARN_DIRECT_OBJC_ISA_USAGE = YES_ERROR;
				CLANG_WARN_DOCUMENTATION_COMMENTS = YES;
				CLANG_WARN_EMPTY_BODY = YES;
				CLANG_WARN_ENUM_CONVERSION = YES;
				CLANG_WARN_INFINITE_RECURSION = YES;
				CLANG_WARN_INT_CONVERSION = YES;
				CLANG_WARN_NON_LITERAL_NULL_CONVERSION = YES;
				CLANG_WARN_OBJC_IMPLICIT_RETAIN_SELF = YES;
				CLANG_WARN_OBJC_LITERAL_CONVERSION = YES;
				CLANG_WARN_OBJC_ROOT_CLASS = YES_ERROR;
				CLANG_WARN_RANGE_LOOP_ANALYSIS = YES;
				CLANG_WARN_STRICT_PROTOTYPES = YES;
				CLANG_WARN_SUSPICIOUS_MOVE = YES;
				CLANG_WARN_UNGUARDED_AVAILABILITY = YES_AGGRESSIVE;
				CLANG_WARN_UNREACHABLE_CODE = YES;
				CLANG_WARN__DUPLICATE_METHOD_MATCH = YES;
				CODE_SIGN_IDENTITY = "iPhone Developer";
				COPY_PHASE_STRIP = NO;
				DEBUG_INFORMATION_FORMAT = dwarf;
				ENABLE_STRICT_OBJC_MSGSEND = YES;
				ENABLE_TESTABILITY = YES;
				GCC_C_LANGUAGE_STANDARD = gnu11;
				GCC_DYNAMIC_NO_PIC = NO;
				GCC_NO_COMMON_BLOCKS = YES;
				GCC_OPTIMIZATION_LEVEL = 0;
				GCC_PREPROCESSOR_DEFINITIONS = (
					"DEBUG=1",
					"$(inherited)",
				);
				GCC_WARN_64_TO_32_BIT_CONVERSION = YES;
				GCC_WARN_ABOUT_RETURN_TYPE = YES_ERROR;
				GCC_WARN_UNDECLARED_SELECTOR = YES;
				GCC_WARN_UNINITIALIZED_AUTOS = YES_AGGRESSIVE;
				GCC_WARN_UNUSED_FUNCTION = YES;
				GCC_WARN_UNUSED_VARIABLE = YES;
				IPHONEOS_DEPLOYMENT_TARGET = 11.3;
				MTL_ENABLE_DEBUG_INFO = YES;
				ONLY_ACTIVE_ARCH = YES;
				SDKROOT = iphoneos;
				SWIFT_ACTIVE_COMPILATION_CONDITIONS = DEBUG;
				SWIFT_OPTIMIZATION_LEVEL = "-Onone";
			};
			name = Debug;
		};
		AADD96EC20C594A700D818AA /* Release */ = {
			isa = XCBuildConfiguration;
			buildSettings = {
				ALWAYS_SEARCH_USER_PATHS = NO;
				CLANG_ANALYZER_NONNULL = YES;
				CLANG_ANALYZER_NUMBER_OBJECT_CONVERSION = YES_AGGRESSIVE;
				CLANG_CXX_LANGUAGE_STANDARD = "gnu++14";
				CLANG_CXX_LIBRARY = "libc++";
				CLANG_ENABLE_MODULES = YES;
				CLANG_ENABLE_OBJC_ARC = YES;
				CLANG_ENABLE_OBJC_WEAK = YES;
				CLANG_WARN_BLOCK_CAPTURE_AUTORELEASING = YES;
				CLANG_WARN_BOOL_CONVERSION = YES;
				CLANG_WARN_COMMA = YES;
				CLANG_WARN_CONSTANT_CONVERSION = YES;
				CLANG_WARN_DEPRECATED_OBJC_IMPLEMENTATIONS = YES;
				CLANG_WARN_DIRECT_OBJC_ISA_USAGE = YES_ERROR;
				CLANG_WARN_DOCUMENTATION_COMMENTS = YES;
				CLANG_WARN_EMPTY_BODY = YES;
				CLANG_WARN_ENUM_CONVERSION = YES;
				CLANG_WARN_INFINITE_RECURSION = YES;
				CLANG_WARN_INT_CONVERSION = YES;
				CLANG_WARN_NON_LITERAL_NULL_CONVERSION = YES;
				CLANG_WARN_OBJC_IMPLICIT_RETAIN_SELF = YES;
				CLANG_WARN_OBJC_LITERAL_CONVERSION = YES;
				CLANG_WARN_OBJC_ROOT_CLASS = YES_ERROR;
				CLANG_WARN_RANGE_LOOP_ANALYSIS = YES;
				CLANG_WARN_STRICT_PROTOTYPES = YES;
				CLANG_WARN_SUSPICIOUS_MOVE = YES;
				CLANG_WARN_UNGUARDED_AVAILABILITY = YES_AGGRESSIVE;
				CLANG_WARN_UNREACHABLE_CODE = YES;
				CLANG_WARN__DUPLICATE_METHOD_MATCH = YES;
				CODE_SIGN_IDENTITY = "iPhone Developer";
				COPY_PHASE_STRIP = NO;
				DEBUG_INFORMATION_FORMAT = "dwarf-with-dsym";
				ENABLE_NS_ASSERTIONS = NO;
				ENABLE_STRICT_OBJC_MSGSEND = YES;
				GCC_C_LANGUAGE_STANDARD = gnu11;
				GCC_NO_COMMON_BLOCKS = YES;
				GCC_WARN_64_TO_32_BIT_CONVERSION = YES;
				GCC_WARN_ABOUT_RETURN_TYPE = YES_ERROR;
				GCC_WARN_UNDECLARED_SELECTOR = YES;
				GCC_WARN_UNINITIALIZED_AUTOS = YES_AGGRESSIVE;
				GCC_WARN_UNUSED_FUNCTION = YES;
				GCC_WARN_UNUSED_VARIABLE = YES;
				IPHONEOS_DEPLOYMENT_TARGET = 11.3;
				MTL_ENABLE_DEBUG_INFO = NO;
				SDKROOT = iphoneos;
				SWIFT_COMPILATION_MODE = wholemodule;
				SWIFT_OPTIMIZATION_LEVEL = "-O";
				VALIDATE_PRODUCT = YES;
			};
			name = Release;
		};
		AADD96EE20C594A700D818AA /* Debug */ = {
			isa = XCBuildConfiguration;
			buildSettings = {
				ASSETCATALOG_COMPILER_APPICON_NAME = AppIcon;
				CODE_SIGN_STYLE = Automatic;
				DEVELOPMENT_TEAM = 7J4TANDD7J;
				INFOPLIST_FILE = "Boxer Timer/Info.plist";
				IPHONEOS_DEPLOYMENT_TARGET = 11.0;
				LD_RUNPATH_SEARCH_PATHS = (
					"$(inherited)",
					"@executable_path/Frameworks",
				);
				PRODUCT_BUNDLE_IDENTIFIER = ru.marat.boxertimer;
				PRODUCT_NAME = "$(TARGET_NAME)";
				SWIFT_VERSION = 4.0;
				TARGETED_DEVICE_FAMILY = 1;
			};
			name = Debug;
		};
		AADD96EF20C594A700D818AA /* Release */ = {
			isa = XCBuildConfiguration;
			buildSettings = {
				ASSETCATALOG_COMPILER_APPICON_NAME = AppIcon;
				CODE_SIGN_STYLE = Automatic;
				DEVELOPMENT_TEAM = 7J4TANDD7J;
				INFOPLIST_FILE = "Boxer Timer/Info.plist";
				IPHONEOS_DEPLOYMENT_TARGET = 11.0;
				LD_RUNPATH_SEARCH_PATHS = (
					"$(inherited)",
					"@executable_path/Frameworks",
				);
				PRODUCT_BUNDLE_IDENTIFIER = ru.marat.boxertimer;
				PRODUCT_NAME = "$(TARGET_NAME)";
				SWIFT_VERSION = 4.0;
				TARGETED_DEVICE_FAMILY = 1;
			};
			name = Release;
		};
/* End XCBuildConfiguration section */

/* Begin XCConfigurationList section */
		AADD96D320C594A500D818AA /* Build configuration list for PBXProject "Boxer Timer" */ = {
			isa = XCConfigurationList;
			buildConfigurations = (
				AADD96EB20C594A700D818AA /* Debug */,
				AADD96EC20C594A700D818AA /* Release */,
			);
			defaultConfigurationIsVisible = 0;
			defaultConfigurationName = Release;
		};
		AADD96ED20C594A700D818AA /* Build configuration list for PBXNativeTarget "Boxer Timer" */ = {
			isa = XCConfigurationList;
			buildConfigurations = (
				AADD96EE20C594A700D818AA /* Debug */,
				AADD96EF20C594A700D818AA /* Release */,
			);
			defaultConfigurationIsVisible = 0;
			defaultConfigurationName = Release;
		};
/* End XCConfigurationList section */

/* Begin XCVersionGroup section */
		AADD96E220C594A500D818AA /* Boxer_Timer.xcdatamodeld */ = {
			isa = XCVersionGroup;
			children = (
				AADD96E320C594A500D818AA /* Boxer_Timer.xcdatamodel */,
			);
			currentVersion = AADD96E320C594A500D818AA /* Boxer_Timer.xcdatamodel */;
			path = Boxer_Timer.xcdatamodeld;
			sourceTree = "<group>";
			versionGroupType = wrapper.xcdatamodel;
		};
/* End XCVersionGroup section */
	};
	rootObject = AADD96D020C594A500D818AA /* Project object */;
}
